
Microsoft Visual Studio Solution File, Format Version 12.00
# Visual Studio Version 17
VisualStudioVersion = 17.5.33424.131
MinimumVisualStudioVersion = 10.0.40219.1
Project("{FAE04EC0-301F-11D3-BF4B-00C04F79EFBC}") = "DDAEA_Lab_S2", "DDAEA_Lab_S2\DDAEA_Lab_S2.csproj", "{3B5FDACD-E360-4065-B6B7-B882EA7B57CE}"
EndProject
Project("{FAE04EC0-301F-11D3-BF4B-00C04F79EFBC}") = "PrincipalMDI", "PrincipalMDI\PrincipalMDI.csproj", "{A4E7D6C1-C9AA-46CC-A6FC-601A4E761051}"
EndProject
Project("{FAE04EC0-301F-11D3-BF4B-00C04F79EFBC}") = "manUsuario", "manUsuario\manUsuario.csproj", "{E5CEDAA5-E815-442B-8A28-AECD9DFC9D3C}"
EndProject
Global
	GlobalSection(SolutionConfigurationPlatforms) = preSolution
		Debug|Any CPU = Debug|Any CPU
		Release|Any CPU = Release|Any CPU
	EndGlobalSection
	GlobalSection(ProjectConfigurationPlatforms) = postSolution
		{3B5FDACD-E360-4065-B6B7-B882EA7B57CE}.Debug|Any CPU.ActiveCfg = Debug|Any CPU
		{3B5FDACD-E360-4065-B6B7-B882EA7B57CE}.Debug|Any CPU.Build.0 = Debug|Any CPU
		{3B5FDACD-E360-4065-B6B7-B882EA7B57CE}.Release|Any CPU.ActiveCfg = Release|Any CPU
		{3B5FDACD-E360-4065-B6B7-B882EA7B57CE}.Release|Any CPU.Build.0 = Release|Any CPU
		{A4E7D6C1-C9AA-46CC-A6FC-601A4E761051}.Debug|Any CPU.ActiveCfg = Debug|Any CPU
		{A4E7D6C1-C9AA-46CC-A6FC-601A4E761051}.Debug|Any CPU.Build.0 = Debug|Any CPU
		{A4E7D6C1-C9AA-46CC-A6FC-601A4E761051}.Release|Any CPU.ActiveCfg = Release|Any CPU
		{A4E7D6C1-C9AA-46CC-A6FC-601A4E761051}.Release|Any CPU.Build.0 = Release|Any CPU
		{E5CEDAA5-E815-442B-8A28-AECD9DFC9D3C}.Debug|Any CPU.ActiveCfg = Debug|Any CPU
		{E5CEDAA5-E815-442B-8A28-AECD9DFC9D3C}.Debug|Any CPU.Build.0 = Debug|Any CPU
		{E5CEDAA5-E815-442B-8A28-AECD9DFC9D3C}.Release|Any CPU.ActiveCfg = Release|Any CPU
		{E5CEDAA5-E815-442B-8A28-AECD9DFC9D3C}.Release|Any CPU.Build.0 = Release|Any CPU
	EndGlobalSection
	GlobalSection(SolutionProperties) = preSolution
		HideSolutionNode = FALSE
	EndGlobalSection
	GlobalSection(ExtensibilityGlobals) = postSolution
		SolutionGuid = {91013367-0217-4A12-A024-5F29B95E8149}
	EndGlobalSection
EndGlobal
